<?xml version="1.0" encoding="utf-8"?>
<Project ToolsVersion="4.0" xmlns="http://schemas.microsoft.com/developer/msbuild/2003">
  <ItemGroup>
    <Filter Include="Source Files">
      <UniqueIdentifier>{4FC737F1-C7A5-4376-A066-2A32D752A2FF}</UniqueIdentifier>
      <Extensions>cpp;c;cc;cxx;def;odl;idl;hpj;bat;asm;asmx</Extensions>
    </Filter>
    <Filter Include="Header Files">
      <UniqueIdentifier>{93995380-89BD-4b04-88EB-625FBE52EBFB}</UniqueIdentifier>
      <Extensions>h;hh;hpp;hxx;hm;inl;inc;xsd</Extensions>
    </Filter>
    <Filter Include="Resource Files">
      <UniqueIdentifier>{67DA6AB6-F800-4c08-8B7A-83BB121AAD01}</UniqueIdentifier>
      <Extensions>rc;ico;cur;bmp;dlg;rc2;rct;bin;rgs;gif;jpg;jpeg;jpe;resx;tiff;tif;png;wav;mfcribbon-ms</Extensions>
    </Filter>
    <Filter Include="Source Files\course">
      <UniqueIdentifier>{827015f9-e546-4004-a354-cc7197c38ff0}</UniqueIdentifier>
    </Filter>
    <Filter Include="Source Files\exercise">
      <UniqueIdentifier>{e10bc62a-e85b-4d7f-816c-c010772a0ecd}</UniqueIdentifier>
    </Filter>
    <Filter Include="Source Files\homework">
      <UniqueIdentifier>{05f1a1ae-966b-4766-9954-ccec891edb62}</UniqueIdentifier>
    </Filter>
  </ItemGroup>
  <ItemGroup>
    <Text Include="ReadMe.txt" />
  </ItemGroup>
  <ItemGroup>
    <ClInclude Include="stdafx.h">
      <Filter>Header Files</Filter>
    </ClInclude>
    <ClInclude Include="targetver.h">
      <Filter>Header Files</Filter>
    </ClInclude>
  </ItemGroup>
  <ItemGroup>
    <ClCompile Include="stdafx.cpp">
      <Filter>Source Files</Filter>
    </ClCompile>
    <ClCompile Include="datatype.cpp">
      <Filter>Source Files\course</Filter>
    </ClCompile>
    <ClCompile Include="gets_s.cpp">
      <Filter>Source Files\course</Filter>
    </ClCompile>
    <ClCompile Include="Helloworld.cpp">
      <Filter>Source Files\course</Filter>
    </ClCompile>
    <ClCompile Include="ifStatement.cpp">
      <Filter>Source Files\course</Filter>
    </ClCompile>
    <ClCompile Include="printf.cpp">
      <Filter>Source Files\course</Filter>
    </ClCompile>
    <ClCompile Include="put_get.cpp">
      <Filter>Source Files\course</Filter>
    </ClCompile>
    <ClCompile Include="scanf.cpp">
      <Filter>Source Files\course</Filter>
    </ClCompile>
    <ClCompile Include="sizeof.cpp">
      <Filter>Source Files\course</Filter>
    </ClCompile>
    <ClCompile Include="ex_4_9.cpp">
      <Filter>Source Files\exercise</Filter>
    </ClCompile>
    <ClCompile Include="ex_4_9_2.cpp">
      <Filter>Source Files\exercise</Filter>
    </ClCompile>
    <ClCompile Include="ex_datatype.cpp">
      <Filter>Source Files\exercise</Filter>
    </ClCompile>
    <ClCompile Include="ex_getch.cpp">
      <Filter>Source Files\exercise</Filter>
    </ClCompile>
    <ClCompile Include="ex_getsputs.cpp">
      <Filter>Source Files\exercise</Filter>
    </ClCompile>
    <ClCompile Include="ex_operator.cpp">
      <Filter>Source Files\exercise</Filter>
    </ClCompile>
    <ClCompile Include="ex_operator2.cpp">
      <Filter>Source Files\exercise</Filter>
    </ClCompile>
    <ClCompile Include="ex_scanf1.cpp">
      <Filter>Source Files\exercise</Filter>
    </ClCompile>
    <ClCompile Include="ex_scanf2.cpp">
      <Filter>Source Files\exercise</Filter>
    </ClCompile>
    <ClCompile Include="pointer.cpp">
      <Filter>Source Files\course</Filter>
    </ClCompile>
    <ClCompile Include="work_scanf.cpp">
      <Filter>Source Files\homework</Filter>
    </ClCompile>
    <ClCompile Include="cigarette.cpp">
      <Filter>Source Files\homework</Filter>
    </ClCompile>
    <ClCompile Include="threedigit.cpp">
      <Filter>Source Files\homework</Filter>
    </ClCompile>
    <ClCompile Include="switchStatement.cpp">
      <Filter>Source Files\course</Filter>
    </ClCompile>
    <ClCompile Include="goto.cpp">
      <Filter>Source Files\course</Filter>
    </ClCompile>
    <ClCompile Include="forloop.cpp">
      <Filter>Source Files\course</Filter>
    </ClCompile>
    <ClCompile Include="forLoop2.cpp">
      <Filter>Source Files\course</Filter>
    </ClCompile>
    <ClCompile Include="ex_array.cpp">
      <Filter>Source Files\exercise</Filter>
    </ClCompile>
    <ClCompile Include="ex_forLoop.cpp">
      <Filter>Source Files\exercise</Filter>
    </ClCompile>
    <ClCompile Include="dowhile.cpp">
      <Filter>Source Files\course</Filter>
    </ClCompile>
    <ClCompile Include="breakContinue.cpp">
      <Filter>Source Files\course</Filter>
    </ClCompile>
    <ClCompile Include="array.cpp">
      <Filter>Source Files\course</Filter>
    </ClCompile>
    <ClCompile Include="ex_array2.cpp">
      <Filter>Source Files\exercise</Filter>
    </ClCompile>
    <ClCompile Include="arrayString.cpp">
      <Filter>Source Files\homework</Filter>
    </ClCompile>
    <ClCompile Include="sleep.cpp">
      <Filter>Source Files\homework</Filter>
    </ClCompile>
    <ClCompile Include="arrayString2.cpp">
      <Filter>Source Files\course</Filter>
    </ClCompile>
    <ClCompile Include="ex_struct_memory.cpp">
      <Filter>Source Files\exercise</Filter>
    </ClCompile>
    <ClCompile Include="ex_distence.cpp">
      <Filter>Source Files\exercise</Filter>
    </ClCompile>
    <ClCompile Include="printf_star_with_for.cpp">
      <Filter>Source Files\homework</Filter>
    </ClCompile>
    <ClCompile Include="sort1.cpp">
      <Filter>Source Files\course</Filter>
    </ClCompile>
    <ClCompile Include="arraycross.cpp">
      <Filter>Source Files\course</Filter>
    </ClCompile>
  </ItemGroup>
</Project>